PODS:
  - Alamofire (4.7.3)
  - Bugly (2.5.0)
  - CryptoSwift (0.9.0)
  - DACircularProgress (2.3.1)
  - EFQRCode (4.2.2)
  - ESTabBarController-swift (2.6.3)
  - FMDB (2.7.5):
    - FMDB/standard (= 2.7.5)
  - FMDB/standard (2.7.5)
  - IQKeyboardManager (6.0.6)
  - MBProgressHUD (1.0.0)
  - MWPhotoBrowser (2.1.3):
    - DACircularProgress (~> 2.3.1)
    - MBProgressHUD (~> 1.0.0)
    - SDWebImage (~> 4.0.0)
  - NJKWebViewProgress (0.2.3):
    - NJKWebViewProgress/Core (= 0.2.3)
    - NJKWebViewProgress/ProgressView (= 0.2.3)
  - NJKWebViewProgress/Core (0.2.3)
  - NJKWebViewProgress/ProgressView (0.2.3)
  - ObjectMapper (3.3.0)
  - RSKImageCropper (2.1.0)
  - SDWebImage (4.0.0):
    - SDWebImage/Core (= 4.0.0)
  - SDWebImage/Core (4.0.0)
  - SnapKit (4.0.1)
  - SwiftyJSON (4.1.0)
  - TTTAttributedLabel (2.0.0)
  - WMPageController (2.5.2)
  - XREasyRefreshControl (1.2.1)

DEPENDENCIES:
  - Alamofire (~> 4.7.3)
  - Bugly
  - CryptoSwift (~> 0.9.0)
  - EFQRCode (~> 4.2.2)
  - ESTabBarController-swift (~> 2.6.2)
  - FMDB (~> 2.7.2)
  - IQKeyboardManager (~> 6.0.0)
  - MBProgressHUD
  - MWPhotoBrowser (from `https://raw.githubusercontent.com/y500/MWPhotoBrowser/master/MWPhotoBrowser.podspec`)
  - NJKWebViewProgress (~> 0.2.3)
  - ObjectMapper (~> 3.3.0)
  - RSKImageCropper (~> 2.1.0)
  - SDWebImage (~> 4.0)
  - SnapKit (~> 4.0.0)
  - SwiftyJSON (~> 4.1.0)
  - TTTAttributedLabel (~> 2.0.0)
  - WMPageController (~> 2.5.2)
  - XREasyRefreshControl (~> 1.2.1)

SPEC REPOS:
  https://github.com/cocoapods/specs.git:
    - Alamofire
    - Bugly
    - CryptoSwift
    - DACircularProgress
    - EFQRCode
    - ESTabBarController-swift
    - FMDB
    - IQKeyboardManager
    - MBProgressHUD
    - NJKWebViewProgress
    - ObjectMapper
    - RSKImageCropper
    - SDWebImage
    - SnapKit
    - SwiftyJSON
    - TTTAttributedLabel
    - WMPageController
    - XREasyRefreshControl

EXTERNAL SOURCES:
  MWPhotoBrowser:
    :podspec: https://raw.githubusercontent.com/y500/MWPhotoBrowser/master/MWPhotoBrowser.podspec

SPEC CHECKSUMS:
  Alamofire: c7287b6e5d7da964a70935e5db17046b7fde6568
  Bugly: 3ca9f255c01025582df26f9222893b383c7e4b4e
  CryptoSwift: bca8c5b653dcc2d9734409242a070ff53bafac86
  DACircularProgress: 4dd437c0fc3da5161cb289e07ac449493d41db71
  EFQRCode: 203846c7b135b5f7c1d18bb7923bc32a74c8b363
  ESTabBarController-swift: edb8d8bc2cd043a8ddb43ab501fefdf9865ac519
  FMDB: 2ce00b547f966261cd18927a3ddb07cb6f3db82a
  IQKeyboardManager: 6b4ecd3e59cf55a26133d802d4678721d7f88499
  MBProgressHUD: 4890f671c94e8a0f3cf959aa731e9de2f036d71a
  MWPhotoBrowser: f01ef533cc4c5bb6475675862d856a3bfe6f5493
  NJKWebViewProgress: f481fd424cb5ecc27eacae11b5397db92fba9a4d
  ObjectMapper: b612bf8c8e99c4dc0bb6013a51f7c27966ed5da9
  RSKImageCropper: 0d0c6d8525a2381f03fde32a47c6703817a2feed
  SDWebImage: 76a6348bdc74eb5a55dd08a091ef298e56b55e41
  SnapKit: 0de968a9fec17499afa29683b05d0c775b6d1c29
  SwiftyJSON: c29297daf073d2aa016295d5809cdd68045c39b3
  TTTAttributedLabel: 8cffe8e127e4e82ff3af1e5386d4cd0ad000b656
  WMPageController: 0c7624d2b48e4f1ab92371688cf6744ed701575d
  XREasyRefreshControl: 55aa86d84f4e37dc7cac99c02ccc716c2eab1b6c

PODFILE CHECKSUM: 93ec97555c0fb470f3914e7af94d23c83c14865e

COCOAPODS: 1.6.1
